
Microsoft Visual Studio Solution File, Format Version 12.00
# Visual Studio Version 17
VisualStudioVersion = 17.2.32630.192
MinimumVisualStudioVersion = 10.0.40219.1
Project("{9A19103F-16F7-4668-BE54-9A1E7A4F7556}") = "raspaditaAPi", "raspaditaAPi\raspaditaAPi.csproj", "{90C0BACE-2FA9-4603-ABD4-8BCD85950A58}"
EndProject
Project("{9A19103F-16F7-4668-BE54-9A1E7A4F7556}") = "Domain", "Domain\Domain.csproj", "{5F639B87-3ED7-4581-8B6B-83DE9900150C}"
EndProject
Project("{9A19103F-16F7-4668-BE54-9A1E7A4F7556}") = "Persistence", "Persistence\Persistence.csproj", "{FB07731C-A50E-4931-A198-B86E30908D88}"
EndProject
Project("{9A19103F-16F7-4668-BE54-9A1E7A4F7556}") = "Application", "Application\Application.csproj", "{1568A395-CB82-4A53-8F78-7A605AEC0960}"
EndProject
Project("{FAE04EC0-301F-11D3-BF4B-00C04F79EFBC}") = "Utilitario", "Utilitario\Utilitario.csproj", "{0CCCE5DC-BF65-4DCB-9442-FB6CD96A82C0}"
EndProject
Global
	GlobalSection(SolutionConfigurationPlatforms) = preSolution
		Debug|Any CPU = Debug|Any CPU
		Release|Any CPU = Release|Any CPU
	EndGlobalSection
	GlobalSection(ProjectConfigurationPlatforms) = postSolution
		{90C0BACE-2FA9-4603-ABD4-8BCD85950A58}.Debug|Any CPU.ActiveCfg = Debug|Any CPU
		{90C0BACE-2FA9-4603-ABD4-8BCD85950A58}.Debug|Any CPU.Build.0 = Debug|Any CPU
		{90C0BACE-2FA9-4603-ABD4-8BCD85950A58}.Release|Any CPU.ActiveCfg = Release|Any CPU
		{90C0BACE-2FA9-4603-ABD4-8BCD85950A58}.Release|Any CPU.Build.0 = Release|Any CPU
		{5F639B87-3ED7-4581-8B6B-83DE9900150C}.Debug|Any CPU.ActiveCfg = Debug|Any CPU
		{5F639B87-3ED7-4581-8B6B-83DE9900150C}.Debug|Any CPU.Build.0 = Debug|Any CPU
		{5F639B87-3ED7-4581-8B6B-83DE9900150C}.Release|Any CPU.ActiveCfg = Release|Any CPU
		{5F639B87-3ED7-4581-8B6B-83DE9900150C}.Release|Any CPU.Build.0 = Release|Any CPU
		{FB07731C-A50E-4931-A198-B86E30908D88}.Debug|Any CPU.ActiveCfg = Debug|Any CPU
		{FB07731C-A50E-4931-A198-B86E30908D88}.Debug|Any CPU.Build.0 = Debug|Any CPU
		{FB07731C-A50E-4931-A198-B86E30908D88}.Release|Any CPU.ActiveCfg = Release|Any CPU
		{FB07731C-A50E-4931-A198-B86E30908D88}.Release|Any CPU.Build.0 = Release|Any CPU
		{1568A395-CB82-4A53-8F78-7A605AEC0960}.Debug|Any CPU.ActiveCfg = Debug|Any CPU
		{1568A395-CB82-4A53-8F78-7A605AEC0960}.Debug|Any CPU.Build.0 = Debug|Any CPU
		{1568A395-CB82-4A53-8F78-7A605AEC0960}.Release|Any CPU.ActiveCfg = Release|Any CPU
		{1568A395-CB82-4A53-8F78-7A605AEC0960}.Release|Any CPU.Build.0 = Release|Any CPU
		{0CCCE5DC-BF65-4DCB-9442-FB6CD96A82C0}.Debug|Any CPU.ActiveCfg = Debug|Any CPU
		{0CCCE5DC-BF65-4DCB-9442-FB6CD96A82C0}.Debug|Any CPU.Build.0 = Debug|Any CPU
		{0CCCE5DC-BF65-4DCB-9442-FB6CD96A82C0}.Release|Any CPU.ActiveCfg = Release|Any CPU
		{0CCCE5DC-BF65-4DCB-9442-FB6CD96A82C0}.Release|Any CPU.Build.0 = Release|Any CPU
	EndGlobalSection
	GlobalSection(SolutionProperties) = preSolution
		HideSolutionNode = FALSE
	EndGlobalSection
	GlobalSection(ExtensibilityGlobals) = postSolution
		SolutionGuid = {901AE532-6AD5-403E-9B2C-974DAF974326}
	EndGlobalSection
EndGlobal
